
Microsoft Visual Studio Solution File, Format Version 12.00
# Visual Studio Version 16
VisualStudioVersion = 16.0.30611.23
MinimumVisualStudioVersion = 10.0.40219.1
Project("{FAE04EC0-301F-11D3-BF4B-00C04F79EFBC}") = "Employee", "Employee\Employee.csproj", "{EBB8E20F-D48B-4E39-8AC8-B9D714B0BE1D}"
EndProject
Global
	GlobalSection(SolutionConfigurationPlatforms) = preSolution
		Debug|Any CPU = Debug|Any CPU
		Release|Any CPU = Release|Any CPU
	EndGlobalSection
	GlobalSection(ProjectConfigurationPlatforms) = postSolution
		{EBB8E20F-D48B-4E39-8AC8-B9D714B0BE1D}.Debug|Any CPU.ActiveCfg = Debug|Any CPU
		{EBB8E20F-D48B-4E39-8AC8-B9D714B0BE1D}.Debug|Any CPU.Build.0 = Debug|Any CPU
		{EBB8E20F-D48B-4E39-8AC8-B9D714B0BE1D}.Release|Any CPU.ActiveCfg = Release|Any CPU
		{EBB8E20F-D48B-4E39-8AC8-B9D714B0BE1D}.Release|Any CPU.Build.0 = Release|Any CPU
	EndGlobalSection
	GlobalSection(SolutionProperties) = preSolution
		HideSolutionNode = FALSE
	EndGlobalSection
	GlobalSection(ExtensibilityGlobals) = postSolution
		SolutionGuid = {0F33832F-9927-476C-BFD4-5145A85090A4}
	EndGlobalSection
EndGlobal
